PODS:
  - KeychainAccess (3.1.2)
  - Swinject (2.5.0)
  - VK-ios-sdk (1.4.6)

DEPENDENCIES:
  - KeychainAccess
  - Swinject
  - VK-ios-sdk

SPEC REPOS:
  https://github.com/cocoapods/specs.git:
    - KeychainAccess
    - Swinject
    - VK-ios-sdk

SPEC CHECKSUMS:
  KeychainAccess: b3816fddcf28aa29d94b10ec305cd52be14c472b
  Swinject: 82cdb851f63f91bba974e3eca1d69780f2f7677e
  VK-ios-sdk: 7fd48bc5aaa6b96c3197c1987eb6593f2ea67331

PODFILE CHECKSUM: 572775b952fd7df855c7300348a23423b27627ae

COCOAPODS: 1.5.3
