// !$*UTF8*$!
{
	archiveVersion = 1;
	classes = {
	};
	objectVersion = 48;
	objects = {

/* Begin PBXBuildFile section */
		144893662FF22160F150BE4A /* NewsInteractorProtocols.swift in Sources */ = {isa = PBXBuildFile; fileRef = 6F451AB4369F5213AC62B328 /* NewsInteractorProtocols.swift */; };
		3D42E2C4D0E21C3A1CED7DA9 /* NewsViewController.swift in Sources */ = {isa = PBXBuildFile; fileRef = 9C5EE56E3FF0E5AA9B034F55 /* NewsViewController.swift */; };
		558601B2970D9283962107EA /* NewsInteractor.swift in Sources */ = {isa = PBXBuildFile; fileRef = 77FC5662E696881E3FEEE177 /* NewsInteractor.swift */; };
		600303042204BDC400EC014C /* KeyValueStorageProtocols.swift in Sources */ = {isa = PBXBuildFile; fileRef = 600303032204BDC400EC014C /* KeyValueStorageProtocols.swift */; };
		600303062204BDE800EC014C /* KeyValueStorage.swift in Sources */ = {isa = PBXBuildFile; fileRef = 600303052204BDE800EC014C /* KeyValueStorage.swift */; };
		6007F38A2214CA690016A6AA /* LaunchManager.swift in Sources */ = {isa = PBXBuildFile; fileRef = 6007F3892214CA690016A6AA /* LaunchManager.swift */; };
		6007F38C2214CA790016A6AA /* BaseLaunchManager.swift in Sources */ = {isa = PBXBuildFile; fileRef = 6007F38B2214CA790016A6AA /* BaseLaunchManager.swift */; };
		6007F38E2214CAE10016A6AA /* AuthorizationRouter.swift in Sources */ = {isa = PBXBuildFile; fileRef = 6007F38D2214CAE10016A6AA /* AuthorizationRouter.swift */; };
		6007F3902214CC220016A6AA /* BaseAuthorizationRouter.swift in Sources */ = {isa = PBXBuildFile; fileRef = 6007F38F2214CC220016A6AA /* BaseAuthorizationRouter.swift */; };
		6007F3942215CBFA0016A6AA /* UIViewController.swift in Sources */ = {isa = PBXBuildFile; fileRef = 6007F3932215CBFA0016A6AA /* UIViewController.swift */; };
		6007F3972215CC6A0016A6AA /* StoryboardName.swift in Sources */ = {isa = PBXBuildFile; fileRef = 6007F3962215CC6A0016A6AA /* StoryboardName.swift */; };
		6007F39F221702D20016A6AA /* ServicesAssembly.swift in Sources */ = {isa = PBXBuildFile; fileRef = 6007F39E221702D20016A6AA /* ServicesAssembly.swift */; };
		6007F3A1221704350016A6AA /* PresentersAssembly.swift in Sources */ = {isa = PBXBuildFile; fileRef = 6007F3A0221704350016A6AA /* PresentersAssembly.swift */; };
		6007F3A3221706F80016A6AA /* ApplicationAssembly.swift in Sources */ = {isa = PBXBuildFile; fileRef = 6007F3A2221706F80016A6AA /* ApplicationAssembly.swift */; };
		6007F3A52217098B0016A6AA /* RoutersAssembly.swift in Sources */ = {isa = PBXBuildFile; fileRef = 6007F3A42217098B0016A6AA /* RoutersAssembly.swift */; };
		6007F3A722170A700016A6AA /* ManagerAssembly.swift in Sources */ = {isa = PBXBuildFile; fileRef = 6007F3A622170A700016A6AA /* ManagerAssembly.swift */; };
		6007F3A922170E890016A6AA /* BaseNewsRouter.swift in Sources */ = {isa = PBXBuildFile; fileRef = 6007F3A822170E890016A6AA /* BaseNewsRouter.swift */; };
		602ABE0B21FCB3E50070980A /* AppDelegate.swift in Sources */ = {isa = PBXBuildFile; fileRef = 602ABE0A21FCB3E50070980A /* AppDelegate.swift */; };
		602ABE1221FCB3E60070980A /* Assets.xcassets in Resources */ = {isa = PBXBuildFile; fileRef = 602ABE1121FCB3E60070980A /* Assets.xcassets */; };
		602ABE1521FCB3E60070980A /* LaunchScreen.storyboard in Resources */ = {isa = PBXBuildFile; fileRef = 602ABE1321FCB3E60070980A /* LaunchScreen.storyboard */; };
		602ABE2021FCB3E60070980A /* VKTests.swift in Sources */ = {isa = PBXBuildFile; fileRef = 602ABE1F21FCB3E60070980A /* VKTests.swift */; };
		602ABE2B21FCB3E60070980A /* VKUITests.swift in Sources */ = {isa = PBXBuildFile; fileRef = 602ABE2A21FCB3E60070980A /* VKUITests.swift */; };
		602ABE4321FCB6F60070980A /* AuthorizationInteractor.swift in Sources */ = {isa = PBXBuildFile; fileRef = 602ABE4221FCB6F60070980A /* AuthorizationInteractor.swift */; };
		602ABE4521FCB70B0070980A /* AuthorizationInteractorProtocols.swift in Sources */ = {isa = PBXBuildFile; fileRef = 602ABE4421FCB70B0070980A /* AuthorizationInteractorProtocols.swift */; };
		602ABE4721FCB71A0070980A /* AuthorizationPresenter.swift in Sources */ = {isa = PBXBuildFile; fileRef = 602ABE4621FCB71A0070980A /* AuthorizationPresenter.swift */; };
		602ABE4921FCB7260070980A /* AuthorizationPresenterProtocols.swift in Sources */ = {isa = PBXBuildFile; fileRef = 602ABE4821FCB7260070980A /* AuthorizationPresenterProtocols.swift */; };
		602ABE4B21FCB73E0070980A /* AuthorizationStoryboard.storyboard in Resources */ = {isa = PBXBuildFile; fileRef = 602ABE4A21FCB73E0070980A /* AuthorizationStoryboard.storyboard */; };
		602ABE4D21FCB7B10070980A /* AuthorizationViewProtocols.swift in Sources */ = {isa = PBXBuildFile; fileRef = 602ABE4C21FCB7B10070980A /* AuthorizationViewProtocols.swift */; };
		602ABE4F21FCC1F40070980A /* AuthorizationService.swift in Sources */ = {isa = PBXBuildFile; fileRef = 602ABE4E21FCC1F40070980A /* AuthorizationService.swift */; };
		602ABE5221FCC22D0070980A /* AuthorizationServiceProtocols.swift in Sources */ = {isa = PBXBuildFile; fileRef = 602ABE5121FCC22D0070980A /* AuthorizationServiceProtocols.swift */; };
		602ABE5421FCC5330070980A /* AuthorizationData.swift in Sources */ = {isa = PBXBuildFile; fileRef = 602ABE5321FCC5330070980A /* AuthorizationData.swift */; };
		606CF54C220DF06F00D70A3F /* NewsStoryboard.storyboard in Resources */ = {isa = PBXBuildFile; fileRef = 606CF54B220DF06F00D70A3F /* NewsStoryboard.storyboard */; };
		606CF550220DF5AD00D70A3F /* NewsTitleTableViewCell.swift in Sources */ = {isa = PBXBuildFile; fileRef = 606CF54E220DF5AD00D70A3F /* NewsTitleTableViewCell.swift */; };
		606CF551220DF5AD00D70A3F /* NewsTitleTableViewCell.xib in Resources */ = {isa = PBXBuildFile; fileRef = 606CF54F220DF5AD00D70A3F /* NewsTitleTableViewCell.xib */; };
		606CF554220DF5F800D70A3F /* NewsTitleTableViewCellViewModel.swift in Sources */ = {isa = PBXBuildFile; fileRef = 606CF553220DF5F800D70A3F /* NewsTitleTableViewCellViewModel.swift */; };
		606CF557220DFFFA00D70A3F /* NewsfeedResponse.swift in Sources */ = {isa = PBXBuildFile; fileRef = 606CF556220DFFFA00D70A3F /* NewsfeedResponse.swift */; };
		606CF55A220E0C8B00D70A3F /* InternetService.swift in Sources */ = {isa = PBXBuildFile; fileRef = 606CF559220E0C8B00D70A3F /* InternetService.swift */; };
		606CF55C220E0CA200D70A3F /* InternetServiceProtocols.swift in Sources */ = {isa = PBXBuildFile; fileRef = 606CF55B220E0CA200D70A3F /* InternetServiceProtocols.swift */; };
		606CF55E220E177000D70A3F /* NewsItem.swift in Sources */ = {isa = PBXBuildFile; fileRef = 606CF55D220E177000D70A3F /* NewsItem.swift */; };
		608B51DE2204992300728026 /* AuthorizationViewController.swift in Sources */ = {isa = PBXBuildFile; fileRef = 608B51DD2204992300728026 /* AuthorizationViewController.swift */; };
		60A5A890220E4DB80074A75B /* NewsTextTableViewCellViewModel.swift in Sources */ = {isa = PBXBuildFile; fileRef = 60A5A88F220E4DB80074A75B /* NewsTextTableViewCellViewModel.swift */; };
		60A5A893220E537F0074A75B /* NewsPhotoTableViewCell.swift in Sources */ = {isa = PBXBuildFile; fileRef = 60A5A892220E537F0074A75B /* NewsPhotoTableViewCell.swift */; };
		60A5A895220E53A90074A75B /* NewsPhotoTableViewCellViewModel.swift in Sources */ = {isa = PBXBuildFile; fileRef = 60A5A894220E53A90074A75B /* NewsPhotoTableViewCellViewModel.swift */; };
		60A5A897220E54BE0074A75B /* NewsPhotoCollectionViewCellViewModel.swift in Sources */ = {isa = PBXBuildFile; fileRef = 60A5A896220E54BE0074A75B /* NewsPhotoCollectionViewCellViewModel.swift */; };
		60A5A899220E54DE0074A75B /* NewsPhotoCollectionViewCell.swift in Sources */ = {isa = PBXBuildFile; fileRef = 60A5A898220E54DE0074A75B /* NewsPhotoCollectionViewCell.swift */; };
		60A5A89C220E61740074A75B /* NewsWallPhotoTableViewCell.swift in Sources */ = {isa = PBXBuildFile; fileRef = 60A5A89B220E61740074A75B /* NewsWallPhotoTableViewCell.swift */; };
		60A5A89E220E619A0074A75B /* NewsWallPhotoTableViewCellViewModel.swift in Sources */ = {isa = PBXBuildFile; fileRef = 60A5A89D220E619A0074A75B /* NewsWallPhotoTableViewCellViewModel.swift */; };
		60CF1CC8220E470800B6A8D6 /* NewsTextTableViewCell.swift in Sources */ = {isa = PBXBuildFile; fileRef = 60CF1CC7220E470800B6A8D6 /* NewsTextTableViewCell.swift */; };
		614C0C7C7E56B6F31925C27E /* NewsRouter.swift in Sources */ = {isa = PBXBuildFile; fileRef = CD444277C02AEF5D3D30048D /* NewsRouter.swift */; };
		853A8312BF0A08F0AACDBD45 /* NewsPresenter.swift in Sources */ = {isa = PBXBuildFile; fileRef = FB1D3E8A5072FC1DBFE99F39 /* NewsPresenter.swift */; };
		974E61F11059091E75F45E1F /* Pods_VK.framework in Frameworks */ = {isa = PBXBuildFile; fileRef = C13C2FA0F42CF72B51889881 /* Pods_VK.framework */; };
		AAA80B01EE286D0CEC71086C /* NewsPresenterProtocols.swift in Sources */ = {isa = PBXBuildFile; fileRef = 4700AD7DA56E2BA91FEA5CA1 /* NewsPresenterProtocols.swift */; };
		ADC5FCDB7719AAE8C88AD225 /* NewsViewProtocols.swift in Sources */ = {isa = PBXBuildFile; fileRef = 3F711BC40849EE1919EB413C /* NewsViewProtocols.swift */; };
/* End PBXBuildFile section */

/* Begin PBXContainerItemProxy section */
		602ABE1C21FCB3E60070980A /* PBXContainerItemProxy */ = {
			isa = PBXContainerItemProxy;
			containerPortal = 602ABDFF21FCB3E40070980A /* Project object */;
			proxyType = 1;
			remoteGlobalIDString = 602ABE0621FCB3E50070980A;
			remoteInfo = VK;
		};
		602ABE2721FCB3E60070980A /* PBXContainerItemProxy */ = {
			isa = PBXContainerItemProxy;
			containerPortal = 602ABDFF21FCB3E40070980A /* Project object */;
			proxyType = 1;
			remoteGlobalIDString = 602ABE0621FCB3E50070980A;
			remoteInfo = VK;
		};
/* End PBXContainerItemProxy section */

/* Begin PBXFileReference section */
		3F711BC40849EE1919EB413C /* NewsViewProtocols.swift */ = {isa = PBXFileReference; includeInIndex = 1; lastKnownFileType = sourcecode.swift; path = NewsViewProtocols.swift; sourceTree = "<group>"; };
		4700AD7DA56E2BA91FEA5CA1 /* NewsPresenterProtocols.swift */ = {isa = PBXFileReference; includeInIndex = 1; lastKnownFileType = sourcecode.swift; path = NewsPresenterProtocols.swift; sourceTree = "<group>"; };
		600303032204BDC400EC014C /* KeyValueStorageProtocols.swift */ = {isa = PBXFileReference; lastKnownFileType = sourcecode.swift; path = KeyValueStorageProtocols.swift; sourceTree = "<group>"; };
		600303052204BDE800EC014C /* KeyValueStorage.swift */ = {isa = PBXFileReference; lastKnownFileType = sourcecode.swift; path = KeyValueStorage.swift; sourceTree = "<group>"; };
		600303102204C5B800EC014C /* Info.plist */ = {isa = PBXFileReference; fileEncoding = 4; lastKnownFileType = text.plist.xml; path = Info.plist; sourceTree = "<group>"; };
		6007F3892214CA690016A6AA /* LaunchManager.swift */ = {isa = PBXFileReference; lastKnownFileType = sourcecode.swift; path = LaunchManager.swift; sourceTree = "<group>"; };
		6007F38B2214CA790016A6AA /* BaseLaunchManager.swift */ = {isa = PBXFileReference; lastKnownFileType = sourcecode.swift; path = BaseLaunchManager.swift; sourceTree = "<group>"; };
		6007F38D2214CAE10016A6AA /* AuthorizationRouter.swift */ = {isa = PBXFileReference; lastKnownFileType = sourcecode.swift; path = AuthorizationRouter.swift; sourceTree = "<group>"; };
		6007F38F2214CC220016A6AA /* BaseAuthorizationRouter.swift */ = {isa = PBXFileReference; lastKnownFileType = sourcecode.swift; path = BaseAuthorizationRouter.swift; sourceTree = "<group>"; };
		6007F3932215CBFA0016A6AA /* UIViewController.swift */ = {isa = PBXFileReference; lastKnownFileType = sourcecode.swift; path = UIViewController.swift; sourceTree = "<group>"; };
		6007F3962215CC6A0016A6AA /* StoryboardName.swift */ = {isa = PBXFileReference; lastKnownFileType = sourcecode.swift; path = StoryboardName.swift; sourceTree = "<group>"; };
		6007F39E221702D20016A6AA /* ServicesAssembly.swift */ = {isa = PBXFileReference; lastKnownFileType = sourcecode.swift; path = ServicesAssembly.swift; sourceTree = "<group>"; };
		6007F3A0221704350016A6AA /* PresentersAssembly.swift */ = {isa = PBXFileReference; lastKnownFileType = sourcecode.swift; path = PresentersAssembly.swift; sourceTree = "<group>"; };
		6007F3A2221706F80016A6AA /* ApplicationAssembly.swift */ = {isa = PBXFileReference; lastKnownFileType = sourcecode.swift; path = ApplicationAssembly.swift; sourceTree = "<group>"; };
		6007F3A42217098B0016A6AA /* RoutersAssembly.swift */ = {isa = PBXFileReference; lastKnownFileType = sourcecode.swift; path = RoutersAssembly.swift; sourceTree = "<group>"; };
		6007F3A622170A700016A6AA /* ManagerAssembly.swift */ = {isa = PBXFileReference; lastKnownFileType = sourcecode.swift; path = ManagerAssembly.swift; sourceTree = "<group>"; };
		6007F3A822170E890016A6AA /* BaseNewsRouter.swift */ = {isa = PBXFileReference; lastKnownFileType = sourcecode.swift; path = BaseNewsRouter.swift; sourceTree = "<group>"; };
		602ABE0721FCB3E50070980A /* VK.app */ = {isa = PBXFileReference; explicitFileType = wrapper.application; includeInIndex = 0; path = VK.app; sourceTree = BUILT_PRODUCTS_DIR; };
		602ABE0A21FCB3E50070980A /* AppDelegate.swift */ = {isa = PBXFileReference; lastKnownFileType = sourcecode.swift; path = AppDelegate.swift; sourceTree = "<group>"; };
		602ABE1121FCB3E60070980A /* Assets.xcassets */ = {isa = PBXFileReference; lastKnownFileType = folder.assetcatalog; path = Assets.xcassets; sourceTree = "<group>"; };
		602ABE1421FCB3E60070980A /* Base */ = {isa = PBXFileReference; lastKnownFileType = file.storyboard; name = Base; path = Base.lproj/LaunchScreen.storyboard; sourceTree = "<group>"; };
		602ABE1B21FCB3E60070980A /* VKTests.xctest */ = {isa = PBXFileReference; explicitFileType = wrapper.cfbundle; includeInIndex = 0; path = VKTests.xctest; sourceTree = BUILT_PRODUCTS_DIR; };
		602ABE1F21FCB3E60070980A /* VKTests.swift */ = {isa = PBXFileReference; lastKnownFileType = sourcecode.swift; path = VKTests.swift; sourceTree = "<group>"; };
		602ABE2621FCB3E60070980A /* VKUITests.xctest */ = {isa = PBXFileReference; explicitFileType = wrapper.cfbundle; includeInIndex = 0; path = VKUITests.xctest; sourceTree = BUILT_PRODUCTS_DIR; };
		602ABE2A21FCB3E60070980A /* VKUITests.swift */ = {isa = PBXFileReference; lastKnownFileType = sourcecode.swift; path = VKUITests.swift; sourceTree = "<group>"; };
		602ABE4221FCB6F60070980A /* AuthorizationInteractor.swift */ = {isa = PBXFileReference; lastKnownFileType = sourcecode.swift; path = AuthorizationInteractor.swift; sourceTree = "<group>"; };
		602ABE4421FCB70B0070980A /* AuthorizationInteractorProtocols.swift */ = {isa = PBXFileReference; lastKnownFileType = sourcecode.swift; path = AuthorizationInteractorProtocols.swift; sourceTree = "<group>"; };
		602ABE4621FCB71A0070980A /* AuthorizationPresenter.swift */ = {isa = PBXFileReference; lastKnownFileType = sourcecode.swift; path = AuthorizationPresenter.swift; sourceTree = "<group>"; };
		602ABE4821FCB7260070980A /* AuthorizationPresenterProtocols.swift */ = {isa = PBXFileReference; lastKnownFileType = sourcecode.swift; path = AuthorizationPresenterProtocols.swift; sourceTree = "<group>"; };
		602ABE4A21FCB73E0070980A /* AuthorizationStoryboard.storyboard */ = {isa = PBXFileReference; lastKnownFileType = file.storyboard; path = AuthorizationStoryboard.storyboard; sourceTree = "<group>"; };
		602ABE4C21FCB7B10070980A /* AuthorizationViewProtocols.swift */ = {isa = PBXFileReference; lastKnownFileType = sourcecode.swift; path = AuthorizationViewProtocols.swift; sourceTree = "<group>"; };
		602ABE4E21FCC1F40070980A /* AuthorizationService.swift */ = {isa = PBXFileReference; lastKnownFileType = sourcecode.swift; path = AuthorizationService.swift; sourceTree = "<group>"; };
		602ABE5121FCC22D0070980A /* AuthorizationServiceProtocols.swift */ = {isa = PBXFileReference; lastKnownFileType = sourcecode.swift; path = AuthorizationServiceProtocols.swift; sourceTree = "<group>"; };
		602ABE5321FCC5330070980A /* AuthorizationData.swift */ = {isa = PBXFileReference; lastKnownFileType = sourcecode.swift; path = AuthorizationData.swift; sourceTree = "<group>"; };
		603CE6B12204ECB600414FE2 /* Info.plist */ = {isa = PBXFileReference; lastKnownFileType = text.plist.xml; path = Info.plist; sourceTree = "<group>"; };
		603CE6B32204ECC300414FE2 /* Info.plist */ = {isa = PBXFileReference; lastKnownFileType = text.plist.xml; path = Info.plist; sourceTree = "<group>"; };
		606CF54B220DF06F00D70A3F /* NewsStoryboard.storyboard */ = {isa = PBXFileReference; lastKnownFileType = file.storyboard; path = NewsStoryboard.storyboard; sourceTree = "<group>"; };
		606CF54E220DF5AD00D70A3F /* NewsTitleTableViewCell.swift */ = {isa = PBXFileReference; lastKnownFileType = sourcecode.swift; path = NewsTitleTableViewCell.swift; sourceTree = "<group>"; };
		606CF54F220DF5AD00D70A3F /* NewsTitleTableViewCell.xib */ = {isa = PBXFileReference; lastKnownFileType = file.xib; path = NewsTitleTableViewCell.xib; sourceTree = "<group>"; };
		606CF553220DF5F800D70A3F /* NewsTitleTableViewCellViewModel.swift */ = {isa = PBXFileReference; lastKnownFileType = sourcecode.swift; path = NewsTitleTableViewCellViewModel.swift; sourceTree = "<group>"; };
		606CF556220DFFFA00D70A3F /* NewsfeedResponse.swift */ = {isa = PBXFileReference; lastKnownFileType = sourcecode.swift; path = NewsfeedResponse.swift; sourceTree = "<group>"; };
		606CF559220E0C8B00D70A3F /* InternetService.swift */ = {isa = PBXFileReference; lastKnownFileType = sourcecode.swift; path = InternetService.swift; sourceTree = "<group>"; };
		606CF55B220E0CA200D70A3F /* InternetServiceProtocols.swift */ = {isa = PBXFileReference; lastKnownFileType = sourcecode.swift; path = InternetServiceProtocols.swift; sourceTree = "<group>"; };
		606CF55D220E177000D70A3F /* NewsItem.swift */ = {isa = PBXFileReference; lastKnownFileType = sourcecode.swift; path = NewsItem.swift; sourceTree = "<group>"; };
		608B51DD2204992300728026 /* AuthorizationViewController.swift */ = {isa = PBXFileReference; lastKnownFileType = sourcecode.swift; path = AuthorizationViewController.swift; sourceTree = "<group>"; };
		60A5A88F220E4DB80074A75B /* NewsTextTableViewCellViewModel.swift */ = {isa = PBXFileReference; lastKnownFileType = sourcecode.swift; path = NewsTextTableViewCellViewModel.swift; sourceTree = "<group>"; };
		60A5A892220E537F0074A75B /* NewsPhotoTableViewCell.swift */ = {isa = PBXFileReference; lastKnownFileType = sourcecode.swift; path = NewsPhotoTableViewCell.swift; sourceTree = "<group>"; };
		60A5A894220E53A90074A75B /* NewsPhotoTableViewCellViewModel.swift */ = {isa = PBXFileReference; lastKnownFileType = sourcecode.swift; path = NewsPhotoTableViewCellViewModel.swift; sourceTree = "<group>"; };
		60A5A896220E54BE0074A75B /* NewsPhotoCollectionViewCellViewModel.swift */ = {isa = PBXFileReference; lastKnownFileType = sourcecode.swift; path = NewsPhotoCollectionViewCellViewModel.swift; sourceTree = "<group>"; };
		60A5A898220E54DE0074A75B /* NewsPhotoCollectionViewCell.swift */ = {isa = PBXFileReference; lastKnownFileType = sourcecode.swift; path = NewsPhotoCollectionViewCell.swift; sourceTree = "<group>"; };
		60A5A89B220E61740074A75B /* NewsWallPhotoTableViewCell.swift */ = {isa = PBXFileReference; lastKnownFileType = sourcecode.swift; path = NewsWallPhotoTableViewCell.swift; sourceTree = "<group>"; };
		60A5A89D220E619A0074A75B /* NewsWallPhotoTableViewCellViewModel.swift */ = {isa = PBXFileReference; lastKnownFileType = sourcecode.swift; path = NewsWallPhotoTableViewCellViewModel.swift; sourceTree = "<group>"; };
		60CF1CC7220E470800B6A8D6 /* NewsTextTableViewCell.swift */ = {isa = PBXFileReference; lastKnownFileType = sourcecode.swift; path = NewsTextTableViewCell.swift; sourceTree = "<group>"; };
		6F451AB4369F5213AC62B328 /* NewsInteractorProtocols.swift */ = {isa = PBXFileReference; includeInIndex = 1; lastKnownFileType = sourcecode.swift; path = NewsInteractorProtocols.swift; sourceTree = "<group>"; };
		77FC5662E696881E3FEEE177 /* NewsInteractor.swift */ = {isa = PBXFileReference; includeInIndex = 1; lastKnownFileType = sourcecode.swift; path = NewsInteractor.swift; sourceTree = "<group>"; };
		8717FE620F043EA598D93843 /* Pods-VK.debug.xcconfig */ = {isa = PBXFileReference; includeInIndex = 1; lastKnownFileType = text.xcconfig; name = "Pods-VK.debug.xcconfig"; path = "Pods/Target Support Files/Pods-VK/Pods-VK.debug.xcconfig"; sourceTree = "<group>"; };
		9C5EE56E3FF0E5AA9B034F55 /* NewsViewController.swift */ = {isa = PBXFileReference; includeInIndex = 1; lastKnownFileType = sourcecode.swift; path = NewsViewController.swift; sourceTree = "<group>"; };
		C13C2FA0F42CF72B51889881 /* Pods_VK.framework */ = {isa = PBXFileReference; explicitFileType = wrapper.framework; includeInIndex = 0; path = Pods_VK.framework; sourceTree = BUILT_PRODUCTS_DIR; };
		C6DFED0D1FAA011687E4819F /* Pods-VK.release.xcconfig */ = {isa = PBXFileReference; includeInIndex = 1; lastKnownFileType = text.xcconfig; name = "Pods-VK.release.xcconfig"; path = "Pods/Target Support Files/Pods-VK/Pods-VK.release.xcconfig"; sourceTree = "<group>"; };
		CD444277C02AEF5D3D30048D /* NewsRouter.swift */ = {isa = PBXFileReference; includeInIndex = 1; lastKnownFileType = sourcecode.swift; path = NewsRouter.swift; sourceTree = "<group>"; };
		FB1D3E8A5072FC1DBFE99F39 /* NewsPresenter.swift */ = {isa = PBXFileReference; includeInIndex = 1; lastKnownFileType = sourcecode.swift; path = NewsPresenter.swift; sourceTree = "<group>"; };
/* End PBXFileReference section */

/* Begin PBXFrameworksBuildPhase section */
		602ABE0421FCB3E50070980A /* Frameworks */ = {
			isa = PBXFrameworksBuildPhase;
			buildActionMask = 2147483647;
			files = (
				974E61F11059091E75F45E1F /* Pods_VK.framework in Frameworks */,
			);
			runOnlyForDeploymentPostprocessing = 0;
		};
		602ABE1821FCB3E60070980A /* Frameworks */ = {
			isa = PBXFrameworksBuildPhase;
			buildActionMask = 2147483647;
			files = (
			);
			runOnlyForDeploymentPostprocessing = 0;
		};
		602ABE2321FCB3E60070980A /* Frameworks */ = {
			isa = PBXFrameworksBuildPhase;
			buildActionMask = 2147483647;
			files = (
			);
			runOnlyForDeploymentPostprocessing = 0;
		};
/* End PBXFrameworksBuildPhase section */

/* Begin PBXGroup section */
		3D5E803A95DC1217417AAE47 /* Interactor */ = {
			isa = PBXGroup;
			children = (
				77FC5662E696881E3FEEE177 /* NewsInteractor.swift */,
				6F451AB4369F5213AC62B328 /* NewsInteractorProtocols.swift */,
			);
			path = Interactor;
			sourceTree = "<group>";
		};
		4557F2A9BEC7820CB31A3E1C /* Pods */ = {
			isa = PBXGroup;
			children = (
				8717FE620F043EA598D93843 /* Pods-VK.debug.xcconfig */,
				C6DFED0D1FAA011687E4819F /* Pods-VK.release.xcconfig */,
			);
			name = Pods;
			sourceTree = "<group>";
		};
		600302FF2204BD6C00EC014C /* KeyValueStorage */ = {
			isa = PBXGroup;
			children = (
				600303032204BDC400EC014C /* KeyValueStorageProtocols.swift */,
				600303052204BDE800EC014C /* KeyValueStorage.swift */,
			);
			path = KeyValueStorage;
			sourceTree = "<group>";
		};
		6007F3872214CA1D0016A6AA /* Assemblies */ = {
			isa = PBXGroup;
			children = (
				6007F3A2221706F80016A6AA /* ApplicationAssembly.swift */,
				6007F39E221702D20016A6AA /* ServicesAssembly.swift */,
				6007F3A0221704350016A6AA /* PresentersAssembly.swift */,
				6007F3A42217098B0016A6AA /* RoutersAssembly.swift */,
				6007F3A622170A700016A6AA /* ManagerAssembly.swift */,
			);
			path = Assemblies;
			sourceTree = "<group>";
		};
		6007F3882214CA5B0016A6AA /* LaunchManager */ = {
			isa = PBXGroup;
			children = (
				6007F3892214CA690016A6AA /* LaunchManager.swift */,
				6007F38B2214CA790016A6AA /* BaseLaunchManager.swift */,
			);
			path = LaunchManager;
			sourceTree = "<group>";
		};
		6007F3912215CBDD0016A6AA /* Extensions */ = {
			isa = PBXGroup;
			children = (
				6007F3932215CBFA0016A6AA /* UIViewController.swift */,
			);
			path = Extensions;
			sourceTree = "<group>";
		};
		6007F3952215CC4F0016A6AA /* Enums */ = {
			isa = PBXGroup;
			children = (
				6007F3962215CC6A0016A6AA /* StoryboardName.swift */,
			);
			path = Enums;
			sourceTree = "<group>";
		};
		602ABDFE21FCB3E40070980A = {
			isa = PBXGroup;
			children = (
				602ABE0921FCB3E50070980A /* VK */,
				602ABE1E21FCB3E60070980A /* VKTests */,
				602ABE2921FCB3E60070980A /* VKUITests */,
				602ABE0821FCB3E50070980A /* Products */,
				4557F2A9BEC7820CB31A3E1C /* Pods */,
				C245C300C1EBCE272C6AE206 /* Frameworks */,
			);
			sourceTree = "<group>";
		};
		602ABE0821FCB3E50070980A /* Products */ = {
			isa = PBXGroup;
			children = (
				602ABE0721FCB3E50070980A /* VK.app */,
				602ABE1B21FCB3E60070980A /* VKTests.xctest */,
				602ABE2621FCB3E60070980A /* VKUITests.xctest */,
			);
			name = Products;
			sourceTree = "<group>";
		};
		602ABE0921FCB3E50070980A /* VK */ = {
			isa = PBXGroup;
			children = (
				600303102204C5B800EC014C /* Info.plist */,
				602ABE3821FCB3FE0070980A /* App */,
				602ABE3921FCB40A0070980A /* Modules */,
				602ABE3A21FCB40F0070980A /* Services */,
				602ABE3B21FCB4180070980A /* Resources */,
			);
			path = VK;
			sourceTree = "<group>";
		};
		602ABE1E21FCB3E60070980A /* VKTests */ = {
			isa = PBXGroup;
			children = (
				602ABE1F21FCB3E60070980A /* VKTests.swift */,
				603CE6B12204ECB600414FE2 /* Info.plist */,
			);
			path = VKTests;
			sourceTree = "<group>";
		};
		602ABE2921FCB3E60070980A /* VKUITests */ = {
			isa = PBXGroup;
			children = (
				602ABE2A21FCB3E60070980A /* VKUITests.swift */,
				603CE6B32204ECC300414FE2 /* Info.plist */,
			);
			path = VKUITests;
			sourceTree = "<group>";
		};
		602ABE3821FCB3FE0070980A /* App */ = {
			isa = PBXGroup;
			children = (
				6007F3952215CC4F0016A6AA /* Enums */,
				6007F3912215CBDD0016A6AA /* Extensions */,
				6007F3882214CA5B0016A6AA /* LaunchManager */,
				6007F3872214CA1D0016A6AA /* Assemblies */,
				602ABE0A21FCB3E50070980A /* AppDelegate.swift */,
			);
			path = App;
			sourceTree = "<group>";
		};
		602ABE3921FCB40A0070980A /* Modules */ = {
			isa = PBXGroup;
			children = (
				602ABE3C21FCB4980070980A /* Authorization */,
				A2247653E329B194B7D7AF54 /* News */,
			);
			path = Modules;
			sourceTree = "<group>";
		};
		602ABE3A21FCB40F0070980A /* Services */ = {
			isa = PBXGroup;
			children = (
				606CF558220E0C6300D70A3F /* InternetService */,
				600302FF2204BD6C00EC014C /* KeyValueStorage */,
				602ABE5021FCC2030070980A /* AuthorizationService */,
			);
			path = Services;
			sourceTree = "<group>";
		};
		602ABE3B21FCB4180070980A /* Resources */ = {
			isa = PBXGroup;
			children = (
				602ABE1121FCB3E60070980A /* Assets.xcassets */,
				602ABE1321FCB3E60070980A /* LaunchScreen.storyboard */,
			);
			path = Resources;
			sourceTree = "<group>";
		};
		602ABE3C21FCB4980070980A /* Authorization */ = {
			isa = PBXGroup;
			children = (
				602ABE3D21FCB5540070980A /* View */,
				602ABE3E21FCB5580070980A /* Interactor */,
				602ABE3F21FCB5700070980A /* Presenter */,
				602ABE4021FCB5840070980A /* Entity */,
				602ABE4121FCB5920070980A /* Router */,
			);
			path = Authorization;
			sourceTree = "<group>";
		};
		602ABE3D21FCB5540070980A /* View */ = {
			isa = PBXGroup;
			children = (
				602ABE4A21FCB73E0070980A /* AuthorizationStoryboard.storyboard */,
				602ABE4C21FCB7B10070980A /* AuthorizationViewProtocols.swift */,
				608B51DD2204992300728026 /* AuthorizationViewController.swift */,
			);
			path = View;
			sourceTree = "<group>";
		};
		602ABE3E21FCB5580070980A /* Interactor */ = {
			isa = PBXGroup;
			children = (
				602ABE4221FCB6F60070980A /* AuthorizationInteractor.swift */,
				602ABE4421FCB70B0070980A /* AuthorizationInteractorProtocols.swift */,
			);
			path = Interactor;
			sourceTree = "<group>";
		};
		602ABE3F21FCB5700070980A /* Presenter */ = {
			isa = PBXGroup;
			children = (
				602ABE4621FCB71A0070980A /* AuthorizationPresenter.swift */,
				602ABE4821FCB7260070980A /* AuthorizationPresenterProtocols.swift */,
			);
			path = Presenter;
			sourceTree = "<group>";
		};
		602ABE4021FCB5840070980A /* Entity */ = {
			isa = PBXGroup;
			children = (
			);
			path = Entity;
			sourceTree = "<group>";
		};
		602ABE4121FCB5920070980A /* Router */ = {
			isa = PBXGroup;
			children = (
				6007F38D2214CAE10016A6AA /* AuthorizationRouter.swift */,
				6007F38F2214CC220016A6AA /* BaseAuthorizationRouter.swift */,
			);
			path = Router;
			sourceTree = "<group>";
		};
		602ABE5021FCC2030070980A /* AuthorizationService */ = {
			isa = PBXGroup;
			children = (
				602ABE4E21FCC1F40070980A /* AuthorizationService.swift */,
				602ABE5121FCC22D0070980A /* AuthorizationServiceProtocols.swift */,
				602ABE5321FCC5330070980A /* AuthorizationData.swift */,
			);
			path = AuthorizationService;
			sourceTree = "<group>";
		};
		606CF54D220DF50300D70A3F /* TableCells */ = {
			isa = PBXGroup;
			children = (
				60A5A89A220E61640074A75B /* WallPhoto */,
				60A5A891220E53660074A75B /* Photo */,
				60CF1CC6220E46F800B6A8D6 /* Text */,
				606CF552220DF5B600D70A3F /* Title */,
			);
			path = TableCells;
			sourceTree = "<group>";
		};
		606CF552220DF5B600D70A3F /* Title */ = {
			isa = PBXGroup;
			children = (
				606CF54E220DF5AD00D70A3F /* NewsTitleTableViewCell.swift */,
				606CF54F220DF5AD00D70A3F /* NewsTitleTableViewCell.xib */,
				606CF553220DF5F800D70A3F /* NewsTitleTableViewCellViewModel.swift */,
			);
			path = Title;
			sourceTree = "<group>";
		};
		606CF555220DFFE900D70A3F /* Entity */ = {
			isa = PBXGroup;
			children = (
				606CF556220DFFFA00D70A3F /* NewsfeedResponse.swift */,
				606CF55D220E177000D70A3F /* NewsItem.swift */,
			);
			path = Entity;
			sourceTree = "<group>";
		};
		606CF558220E0C6300D70A3F /* InternetService */ = {
			isa = PBXGroup;
			children = (
				606CF559220E0C8B00D70A3F /* InternetService.swift */,
				606CF55B220E0CA200D70A3F /* InternetServiceProtocols.swift */,
			);
			path = InternetService;
			sourceTree = "<group>";
		};
		60A5A891220E53660074A75B /* Photo */ = {
			isa = PBXGroup;
			children = (
				60A5A892220E537F0074A75B /* NewsPhotoTableViewCell.swift */,
				60A5A894220E53A90074A75B /* NewsPhotoTableViewCellViewModel.swift */,
				60A5A896220E54BE0074A75B /* NewsPhotoCollectionViewCellViewModel.swift */,
				60A5A898220E54DE0074A75B /* NewsPhotoCollectionViewCell.swift */,
			);
			path = Photo;
			sourceTree = "<group>";
		};
		60A5A89A220E61640074A75B /* WallPhoto */ = {
			isa = PBXGroup;
			children = (
				60A5A89B220E61740074A75B /* NewsWallPhotoTableViewCell.swift */,
				60A5A89D220E619A0074A75B /* NewsWallPhotoTableViewCellViewModel.swift */,
			);
			path = WallPhoto;
			sourceTree = "<group>";
		};
		60CF1CC6220E46F800B6A8D6 /* Text */ = {
			isa = PBXGroup;
			children = (
				60CF1CC7220E470800B6A8D6 /* NewsTextTableViewCell.swift */,
				60A5A88F220E4DB80074A75B /* NewsTextTableViewCellViewModel.swift */,
			);
			path = Text;
			sourceTree = "<group>";
		};
		6408EDE794D4648AD279333E /* Router */ = {
			isa = PBXGroup;
			children = (
				CD444277C02AEF5D3D30048D /* NewsRouter.swift */,
				6007F3A822170E890016A6AA /* BaseNewsRouter.swift */,
			);
			path = Router;
			sourceTree = "<group>";
		};
		6C3A9E978A44A0D9A9DE1B5F /* Presenter */ = {
			isa = PBXGroup;
			children = (
				FB1D3E8A5072FC1DBFE99F39 /* NewsPresenter.swift */,
				4700AD7DA56E2BA91FEA5CA1 /* NewsPresenterProtocols.swift */,
			);
			path = Presenter;
			sourceTree = "<group>";
		};
		A2247653E329B194B7D7AF54 /* News */ = {
			isa = PBXGroup;
			children = (
				606CF555220DFFE900D70A3F /* Entity */,
				3D5E803A95DC1217417AAE47 /* Interactor */,
				6C3A9E978A44A0D9A9DE1B5F /* Presenter */,
				6408EDE794D4648AD279333E /* Router */,
				F632348173107BE3B14578BA /* View */,
			);
			path = News;
			sourceTree = "<group>";
		};
		C245C300C1EBCE272C6AE206 /* Frameworks */ = {
			isa = PBXGroup;
			children = (
				C13C2FA0F42CF72B51889881 /* Pods_VK.framework */,
			);
			name = Frameworks;
			sourceTree = "<group>";
		};
		D1AAA85EA8D284C30CEFDF02 /* Protocols */ = {
			isa = PBXGroup;
			children = (
				3F711BC40849EE1919EB413C /* NewsViewProtocols.swift */,
			);
			path = Protocols;
			sourceTree = "<group>";
		};
		E092A398420517B2BFB66E37 /* ViewController */ = {
			isa = PBXGroup;
			children = (
				9C5EE56E3FF0E5AA9B034F55 /* NewsViewController.swift */,
				606CF54B220DF06F00D70A3F /* NewsStoryboard.storyboard */,
			);
			path = ViewController;
			sourceTree = "<group>";
		};
		F632348173107BE3B14578BA /* View */ = {
			isa = PBXGroup;
			children = (
				606CF54D220DF50300D70A3F /* TableCells */,
				D1AAA85EA8D284C30CEFDF02 /* Protocols */,
				E092A398420517B2BFB66E37 /* ViewController */,
			);
			path = View;
			sourceTree = "<group>";
		};
/* End PBXGroup section */

/* Begin PBXNativeTarget section */
		602ABE0621FCB3E50070980A /* VK */ = {
			isa = PBXNativeTarget;
			buildConfigurationList = 602ABE2F21FCB3E60070980A /* Build configuration list for PBXNativeTarget "VK" */;
			buildPhases = (
				D2DFBC87E8F2C6323CFE69A5 /* [CP] Check Pods Manifest.lock */,
				602ABE0321FCB3E50070980A /* Sources */,
				602ABE0421FCB3E50070980A /* Frameworks */,
				602ABE0521FCB3E50070980A /* Resources */,
				7A59E45E1D216D691A926621 /* [CP] Embed Pods Frameworks */,
			);
			buildRules = (
			);
			dependencies = (
			);
			name = VK;
			productName = VK;
			productReference = 602ABE0721FCB3E50070980A /* VK.app */;
			productType = "com.apple.product-type.application";
		};
		602ABE1A21FCB3E60070980A /* VKTests */ = {
			isa = PBXNativeTarget;
			buildConfigurationList = 602ABE3221FCB3E60070980A /* Build configuration list for PBXNativeTarget "VKTests" */;
			buildPhases = (
				602ABE1721FCB3E60070980A /* Sources */,
				602ABE1821FCB3E60070980A /* Frameworks */,
				602ABE1921FCB3E60070980A /* Resources */,
			);
			buildRules = (
			);
			dependencies = (
				602ABE1D21FCB3E60070980A /* PBXTargetDependency */,
			);
			name = VKTests;
			productName = VKTests;
			productReference = 602ABE1B21FCB3E60070980A /* VKTests.xctest */;
			productType = "com.apple.product-type.bundle.unit-test";
		};
		602ABE2521FCB3E60070980A /* VKUITests */ = {
			isa = PBXNativeTarget;
			buildConfigurationList = 602ABE3521FCB3E60070980A /* Build configuration list for PBXNativeTarget "VKUITests" */;
			buildPhases = (
				602ABE2221FCB3E60070980A /* Sources */,
				602ABE2321FCB3E60070980A /* Frameworks */,
				602ABE2421FCB3E60070980A /* Resources */,
			);
			buildRules = (
			);
			dependencies = (
				602ABE2821FCB3E60070980A /* PBXTargetDependency */,
			);
			name = VKUITests;
			productName = VKUITests;
			productReference = 602ABE2621FCB3E60070980A /* VKUITests.xctest */;
			productType = "com.apple.product-type.bundle.ui-testing";
		};
/* End PBXNativeTarget section */

/* Begin PBXProject section */
		602ABDFF21FCB3E40070980A /* Project object */ = {
			isa = PBXProject;
			attributes = {
				LastSwiftUpdateCheck = 1010;
				LastUpgradeCheck = 1010;
				ORGANIZATIONNAME = "Рабочий";
				TargetAttributes = {
					602ABE0621FCB3E50070980A = {
						CreatedOnToolsVersion = 10.1;
						ProvisioningStyle = Automatic;
					};
					602ABE1A21FCB3E60070980A = {
						CreatedOnToolsVersion = 10.1;
						ProvisioningStyle = Automatic;
						TestTargetID = 602ABE0621FCB3E50070980A;
					};
					602ABE2521FCB3E60070980A = {
						CreatedOnToolsVersion = 10.1;
						ProvisioningStyle = Automatic;
						TestTargetID = 602ABE0621FCB3E50070980A;
					};
				};
			};
			buildConfigurationList = 602ABE0221FCB3E40070980A /* Build configuration list for PBXProject "VK" */;
			compatibilityVersion = "Xcode 8.0";
			developmentRegion = en;
			hasScannedForEncodings = 0;
			knownRegions = (
				en,
				Base,
			);
			mainGroup = 602ABDFE21FCB3E40070980A;
			productRefGroup = 602ABE0821FCB3E50070980A /* Products */;
			projectDirPath = "";
			projectRoot = "";
			targets = (
				602ABE0621FCB3E50070980A /* VK */,
				602ABE1A21FCB3E60070980A /* VKTests */,
				602ABE2521FCB3E60070980A /* VKUITests */,
			);
		};
/* End PBXProject section */

/* Begin PBXResourcesBuildPhase section */
		602ABE0521FCB3E50070980A /* Resources */ = {
			isa = PBXResourcesBuildPhase;
			buildActionMask = 2147483647;
			files = (
				602ABE4B21FCB73E0070980A /* AuthorizationStoryboard.storyboard in Resources */,
				602ABE1521FCB3E60070980A /* LaunchScreen.storyboard in Resources */,
				606CF54C220DF06F00D70A3F /* NewsStoryboard.storyboard in Resources */,
				602ABE1221FCB3E60070980A /* Assets.xcassets in Resources */,
				606CF551220DF5AD00D70A3F /* NewsTitleTableViewCell.xib in Resources */,
			);
			runOnlyForDeploymentPostprocessing = 0;
		};
		602ABE1921FCB3E60070980A /* Resources */ = {
			isa = PBXResourcesBuildPhase;
			buildActionMask = 2147483647;
			files = (
			);
			runOnlyForDeploymentPostprocessing = 0;
		};
		602ABE2421FCB3E60070980A /* Resources */ = {
			isa = PBXResourcesBuildPhase;
			buildActionMask = 2147483647;
			files = (
			);
			runOnlyForDeploymentPostprocessing = 0;
		};
/* End PBXResourcesBuildPhase section */

/* Begin PBXShellScriptBuildPhase section */
		7A59E45E1D216D691A926621 /* [CP] Embed Pods Frameworks */ = {
			isa = PBXShellScriptBuildPhase;
			buildActionMask = 2147483647;
			files = (
			);
			inputPaths = (
				"${SRCROOT}/Pods/Target Support Files/Pods-VK/Pods-VK-frameworks.sh",
				"${BUILT_PRODUCTS_DIR}/KeychainAccess/KeychainAccess.framework",
				"${BUILT_PRODUCTS_DIR}/Kingfisher/Kingfisher.framework",
				"${BUILT_PRODUCTS_DIR}/Swinject/Swinject.framework",
				"${BUILT_PRODUCTS_DIR}/VK-ios-sdk/VK_ios_sdk.framework",
			);
			name = "[CP] Embed Pods Frameworks";
			outputPaths = (
				"${TARGET_BUILD_DIR}/${FRAMEWORKS_FOLDER_PATH}/KeychainAccess.framework",
				"${TARGET_BUILD_DIR}/${FRAMEWORKS_FOLDER_PATH}/Kingfisher.framework",
				"${TARGET_BUILD_DIR}/${FRAMEWORKS_FOLDER_PATH}/Swinject.framework",
				"${TARGET_BUILD_DIR}/${FRAMEWORKS_FOLDER_PATH}/VK_ios_sdk.framework",
			);
			runOnlyForDeploymentPostprocessing = 0;
			shellPath = /bin/sh;
			shellScript = "\"${SRCROOT}/Pods/Target Support Files/Pods-VK/Pods-VK-frameworks.sh\"\n";
			showEnvVarsInLog = 0;
		};
		D2DFBC87E8F2C6323CFE69A5 /* [CP] Check Pods Manifest.lock */ = {
			isa = PBXShellScriptBuildPhase;
			buildActionMask = 2147483647;
			files = (
			);
			inputPaths = (
				"${PODS_PODFILE_DIR_PATH}/Podfile.lock",
				"${PODS_ROOT}/Manifest.lock",
			);
			name = "[CP] Check Pods Manifest.lock";
			outputPaths = (
				"$(DERIVED_FILE_DIR)/Pods-VK-checkManifestLockResult.txt",
			);
			runOnlyForDeploymentPostprocessing = 0;
			shellPath = /bin/sh;
			shellScript = "diff \"${PODS_PODFILE_DIR_PATH}/Podfile.lock\" \"${PODS_ROOT}/Manifest.lock\" > /dev/null\nif [ $? != 0 ] ; then\n    # print error to STDERR\n    echo \"error: The sandbox is not in sync with the Podfile.lock. Run 'pod install' or update your CocoaPods installation.\" >&2\n    exit 1\nfi\n# This output is used by Xcode 'outputs' to avoid re-running this script phase.\necho \"SUCCESS\" > \"${SCRIPT_OUTPUT_FILE_0}\"\n";
			showEnvVarsInLog = 0;
		};
/* End PBXShellScriptBuildPhase section */

/* Begin PBXSourcesBuildPhase section */
		602ABE0321FCB3E50070980A /* Sources */ = {
			isa = PBXSourcesBuildPhase;
			buildActionMask = 2147483647;
			files = (
				606CF557220DFFFA00D70A3F /* NewsfeedResponse.swift in Sources */,
				602ABE4721FCB71A0070980A /* AuthorizationPresenter.swift in Sources */,
				60A5A899220E54DE0074A75B /* NewsPhotoCollectionViewCell.swift in Sources */,
				600303042204BDC400EC014C /* KeyValueStorageProtocols.swift in Sources */,
				6007F3902214CC220016A6AA /* BaseAuthorizationRouter.swift in Sources */,
				60A5A897220E54BE0074A75B /* NewsPhotoCollectionViewCellViewModel.swift in Sources */,
				606CF550220DF5AD00D70A3F /* NewsTitleTableViewCell.swift in Sources */,
				602ABE4F21FCC1F40070980A /* AuthorizationService.swift in Sources */,
				60A5A89C220E61740074A75B /* NewsWallPhotoTableViewCell.swift in Sources */,
				6007F3972215CC6A0016A6AA /* StoryboardName.swift in Sources */,
				600303062204BDE800EC014C /* KeyValueStorage.swift in Sources */,
				602ABE4321FCB6F60070980A /* AuthorizationInteractor.swift in Sources */,
				602ABE0B21FCB3E50070980A /* AppDelegate.swift in Sources */,
				6007F3A722170A700016A6AA /* ManagerAssembly.swift in Sources */,
				602ABE4521FCB70B0070980A /* AuthorizationInteractorProtocols.swift in Sources */,
				6007F38A2214CA690016A6AA /* LaunchManager.swift in Sources */,
				606CF55E220E177000D70A3F /* NewsItem.swift in Sources */,
				602ABE5421FCC5330070980A /* AuthorizationData.swift in Sources */,
				602ABE5221FCC22D0070980A /* AuthorizationServiceProtocols.swift in Sources */,
				6007F3A52217098B0016A6AA /* RoutersAssembly.swift in Sources */,
				60A5A89E220E619A0074A75B /* NewsWallPhotoTableViewCellViewModel.swift in Sources */,
				6007F38E2214CAE10016A6AA /* AuthorizationRouter.swift in Sources */,
				6007F3942215CBFA0016A6AA /* UIViewController.swift in Sources */,
				60A5A895220E53A90074A75B /* NewsPhotoTableViewCellViewModel.swift in Sources */,
				6007F3A1221704350016A6AA /* PresentersAssembly.swift in Sources */,
				602ABE4D21FCB7B10070980A /* AuthorizationViewProtocols.swift in Sources */,
				60A5A890220E4DB80074A75B /* NewsTextTableViewCellViewModel.swift in Sources */,
				608B51DE2204992300728026 /* AuthorizationViewController.swift in Sources */,
				6007F3A922170E890016A6AA /* BaseNewsRouter.swift in Sources */,
				60CF1CC8220E470800B6A8D6 /* NewsTextTableViewCell.swift in Sources */,
				606CF55C220E0CA200D70A3F /* InternetServiceProtocols.swift in Sources */,
				602ABE4921FCB7260070980A /* AuthorizationPresenterProtocols.swift in Sources */,
				558601B2970D9283962107EA /* NewsInteractor.swift in Sources */,
				6007F3A3221706F80016A6AA /* ApplicationAssembly.swift in Sources */,
				144893662FF22160F150BE4A /* NewsInteractorProtocols.swift in Sources */,
				6007F38C2214CA790016A6AA /* BaseLaunchManager.swift in Sources */,
				853A8312BF0A08F0AACDBD45 /* NewsPresenter.swift in Sources */,
				60A5A893220E537F0074A75B /* NewsPhotoTableViewCell.swift in Sources */,
				AAA80B01EE286D0CEC71086C /* NewsPresenterProtocols.swift in Sources */,
				614C0C7C7E56B6F31925C27E /* NewsRouter.swift in Sources */,
				6007F39F221702D20016A6AA /* ServicesAssembly.swift in Sources */,
				ADC5FCDB7719AAE8C88AD225 /* NewsViewProtocols.swift in Sources */,
				606CF554220DF5F800D70A3F /* NewsTitleTableViewCellViewModel.swift in Sources */,
				606CF55A220E0C8B00D70A3F /* InternetService.swift in Sources */,
				3D42E2C4D0E21C3A1CED7DA9 /* NewsViewController.swift in Sources */,
			);
			runOnlyForDeploymentPostprocessing = 0;
		};
		602ABE1721FCB3E60070980A /* Sources */ = {
			isa = PBXSourcesBuildPhase;
			buildActionMask = 2147483647;
			files = (
				602ABE2021FCB3E60070980A /* VKTests.swift in Sources */,
			);
			runOnlyForDeploymentPostprocessing = 0;
		};
		602ABE2221FCB3E60070980A /* Sources */ = {
			isa = PBXSourcesBuildPhase;
			buildActionMask = 2147483647;
			files = (
				602ABE2B21FCB3E60070980A /* VKUITests.swift in Sources */,
			);
			runOnlyForDeploymentPostprocessing = 0;
		};
/* End PBXSourcesBuildPhase section */

/* Begin PBXTargetDependency section */
		602ABE1D21FCB3E60070980A /* PBXTargetDependency */ = {
			isa = PBXTargetDependency;
			target = 602ABE0621FCB3E50070980A /* VK */;
			targetProxy = 602ABE1C21FCB3E60070980A /* PBXContainerItemProxy */;
		};
		602ABE2821FCB3E60070980A /* PBXTargetDependency */ = {
			isa = PBXTargetDependency;
			target = 602ABE0621FCB3E50070980A /* VK */;
			targetProxy = 602ABE2721FCB3E60070980A /* PBXContainerItemProxy */;
		};
/* End PBXTargetDependency section */

/* Begin PBXVariantGroup section */
		602ABE1321FCB3E60070980A /* LaunchScreen.storyboard */ = {
			isa = PBXVariantGroup;
			children = (
				602ABE1421FCB3E60070980A /* Base */,
			);
			name = LaunchScreen.storyboard;
			sourceTree = "<group>";
		};
/* End PBXVariantGroup section */

/* Begin XCBuildConfiguration section */
		602ABE2D21FCB3E60070980A /* Debug */ = {
			isa = XCBuildConfiguration;
			buildSettings = {
				ALWAYS_SEARCH_USER_PATHS = NO;
				CLANG_ANALYZER_NONNULL = YES;
				CLANG_ANALYZER_NUMBER_OBJECT_CONVERSION = YES_AGGRESSIVE;
				CLANG_CXX_LANGUAGE_STANDARD = "gnu++14";
				CLANG_CXX_LIBRARY = "libc++";
				CLANG_ENABLE_MODULES = YES;
				CLANG_ENABLE_OBJC_ARC = YES;
				CLANG_ENABLE_OBJC_WEAK = YES;
				CLANG_WARN_BLOCK_CAPTURE_AUTORELEASING = YES;
				CLANG_WARN_BOOL_CONVERSION = YES;
				CLANG_WARN_COMMA = YES;
				CLANG_WARN_CONSTANT_CONVERSION = YES;
				CLANG_WARN_DEPRECATED_OBJC_IMPLEMENTATIONS = YES;
				CLANG_WARN_DIRECT_OBJC_ISA_USAGE = YES_ERROR;
				CLANG_WARN_DOCUMENTATION_COMMENTS = YES;
				CLANG_WARN_EMPTY_BODY = YES;
				CLANG_WARN_ENUM_CONVERSION = YES;
				CLANG_WARN_INFINITE_RECURSION = YES;
				CLANG_WARN_INT_CONVERSION = YES;
				CLANG_WARN_NON_LITERAL_NULL_CONVERSION = YES;
				CLANG_WARN_OBJC_IMPLICIT_RETAIN_SELF = YES;
				CLANG_WARN_OBJC_LITERAL_CONVERSION = YES;
				CLANG_WARN_OBJC_ROOT_CLASS = YES_ERROR;
				CLANG_WARN_RANGE_LOOP_ANALYSIS = YES;
				CLANG_WARN_STRICT_PROTOTYPES = YES;
				CLANG_WARN_SUSPICIOUS_MOVE = YES;
				CLANG_WARN_UNGUARDED_AVAILABILITY = YES_AGGRESSIVE;
				CLANG_WARN_UNREACHABLE_CODE = YES;
				CLANG_WARN__DUPLICATE_METHOD_MATCH = YES;
				CODE_SIGN_IDENTITY = "iPhone Developer";
				COPY_PHASE_STRIP = NO;
				DEBUG_INFORMATION_FORMAT = dwarf;
				ENABLE_STRICT_OBJC_MSGSEND = YES;
				ENABLE_TESTABILITY = YES;
				GCC_C_LANGUAGE_STANDARD = gnu11;
				GCC_DYNAMIC_NO_PIC = NO;
				GCC_NO_COMMON_BLOCKS = YES;
				GCC_OPTIMIZATION_LEVEL = 0;
				GCC_PREPROCESSOR_DEFINITIONS = (
					"DEBUG=1",
					"$(inherited)",
				);
				GCC_WARN_64_TO_32_BIT_CONVERSION = YES;
				GCC_WARN_ABOUT_RETURN_TYPE = YES_ERROR;
				GCC_WARN_UNDECLARED_SELECTOR = YES;
				GCC_WARN_UNINITIALIZED_AUTOS = YES_AGGRESSIVE;
				GCC_WARN_UNUSED_FUNCTION = YES;
				GCC_WARN_UNUSED_VARIABLE = YES;
				IPHONEOS_DEPLOYMENT_TARGET = 12.1;
				MTL_ENABLE_DEBUG_INFO = INCLUDE_SOURCE;
				MTL_FAST_MATH = YES;
				ONLY_ACTIVE_ARCH = YES;
				PRODUCT_MODULE_NAME = VK;
				SDKROOT = iphoneos;
				SWIFT_ACTIVE_COMPILATION_CONDITIONS = DEBUG;
				SWIFT_OPTIMIZATION_LEVEL = "-Onone";
			};
			name = Debug;
		};
		602ABE2E21FCB3E60070980A /* Release */ = {
			isa = XCBuildConfiguration;
			buildSettings = {
				ALWAYS_SEARCH_USER_PATHS = NO;
				CLANG_ANALYZER_NONNULL = YES;
				CLANG_ANALYZER_NUMBER_OBJECT_CONVERSION = YES_AGGRESSIVE;
				CLANG_CXX_LANGUAGE_STANDARD = "gnu++14";
				CLANG_CXX_LIBRARY = "libc++";
				CLANG_ENABLE_MODULES = YES;
				CLANG_ENABLE_OBJC_ARC = YES;
				CLANG_ENABLE_OBJC_WEAK = YES;
				CLANG_WARN_BLOCK_CAPTURE_AUTORELEASING = YES;
				CLANG_WARN_BOOL_CONVERSION = YES;
				CLANG_WARN_COMMA = YES;
				CLANG_WARN_CONSTANT_CONVERSION = YES;
				CLANG_WARN_DEPRECATED_OBJC_IMPLEMENTATIONS = YES;
				CLANG_WARN_DIRECT_OBJC_ISA_USAGE = YES_ERROR;
				CLANG_WARN_DOCUMENTATION_COMMENTS = YES;
				CLANG_WARN_EMPTY_BODY = YES;
				CLANG_WARN_ENUM_CONVERSION = YES;
				CLANG_WARN_INFINITE_RECURSION = YES;
				CLANG_WARN_INT_CONVERSION = YES;
				CLANG_WARN_NON_LITERAL_NULL_CONVERSION = YES;
				CLANG_WARN_OBJC_IMPLICIT_RETAIN_SELF = YES;
				CLANG_WARN_OBJC_LITERAL_CONVERSION = YES;
				CLANG_WARN_OBJC_ROOT_CLASS = YES_ERROR;
				CLANG_WARN_RANGE_LOOP_ANALYSIS = YES;
				CLANG_WARN_STRICT_PROTOTYPES = YES;
				CLANG_WARN_SUSPICIOUS_MOVE = YES;
				CLANG_WARN_UNGUARDED_AVAILABILITY = YES_AGGRESSIVE;
				CLANG_WARN_UNREACHABLE_CODE = YES;
				CLANG_WARN__DUPLICATE_METHOD_MATCH = YES;
				CODE_SIGN_IDENTITY = "iPhone Developer";
				COPY_PHASE_STRIP = NO;
				DEBUG_INFORMATION_FORMAT = "dwarf-with-dsym";
				ENABLE_NS_ASSERTIONS = NO;
				ENABLE_STRICT_OBJC_MSGSEND = YES;
				GCC_C_LANGUAGE_STANDARD = gnu11;
				GCC_NO_COMMON_BLOCKS = YES;
				GCC_WARN_64_TO_32_BIT_CONVERSION = YES;
				GCC_WARN_ABOUT_RETURN_TYPE = YES_ERROR;
				GCC_WARN_UNDECLARED_SELECTOR = YES;
				GCC_WARN_UNINITIALIZED_AUTOS = YES_AGGRESSIVE;
				GCC_WARN_UNUSED_FUNCTION = YES;
				GCC_WARN_UNUSED_VARIABLE = YES;
				IPHONEOS_DEPLOYMENT_TARGET = 12.1;
				MTL_ENABLE_DEBUG_INFO = NO;
				MTL_FAST_MATH = YES;
				PRODUCT_MODULE_NAME = VK;
				SDKROOT = iphoneos;
				SWIFT_OPTIMIZATION_LEVEL = "-Owholemodule";
				VALIDATE_PRODUCT = YES;
			};
			name = Release;
		};
		602ABE3021FCB3E60070980A /* Debug */ = {
			isa = XCBuildConfiguration;
			baseConfigurationReference = 8717FE620F043EA598D93843 /* Pods-VK.debug.xcconfig */;
			buildSettings = {
				ASSETCATALOG_COMPILER_APPICON_NAME = AppIcon;
				CODE_SIGN_STYLE = Automatic;
				DEVELOPMENT_TEAM = G8AA5PA5TS;
				INFOPLIST_FILE = VK/Info.plist;
				LD_RUNPATH_SEARCH_PATHS = "$(inherited) @executable_path/Frameworks";
				PRODUCT_BUNDLE_IDENTIFIER = "-.VK-swift";
				PRODUCT_NAME = "$(TARGET_NAME)";
				SWIFT_VERSION = 4.2;
				TARGETED_DEVICE_FAMILY = "1,2";
			};
			name = Debug;
		};
		602ABE3121FCB3E60070980A /* Release */ = {
			isa = XCBuildConfiguration;
			baseConfigurationReference = C6DFED0D1FAA011687E4819F /* Pods-VK.release.xcconfig */;
			buildSettings = {
				ASSETCATALOG_COMPILER_APPICON_NAME = AppIcon;
				CODE_SIGN_STYLE = Automatic;
				DEVELOPMENT_TEAM = G8AA5PA5TS;
				INFOPLIST_FILE = VK/Info.plist;
				LD_RUNPATH_SEARCH_PATHS = "$(inherited) @executable_path/Frameworks";
				PRODUCT_BUNDLE_IDENTIFIER = "-.VK-swift";
				PRODUCT_NAME = "$(TARGET_NAME)";
				SWIFT_VERSION = 4.2;
				TARGETED_DEVICE_FAMILY = "1,2";
			};
			name = Release;
		};
		602ABE3321FCB3E60070980A /* Debug */ = {
			isa = XCBuildConfiguration;
			buildSettings = {
				ALWAYS_EMBED_SWIFT_STANDARD_LIBRARIES = YES;
				BUNDLE_LOADER = "$(TEST_HOST)";
				CODE_SIGN_STYLE = Automatic;
				DEVELOPMENT_TEAM = G8AA5PA5TS;
				INFOPLIST_FILE = VKTests/Info.plist;
				LD_RUNPATH_SEARCH_PATHS = "$(inherited) @executable_path/Frameworks @loader_path/Frameworks";
				PRODUCT_BUNDLE_IDENTIFIER = "-.VKTests";
				PRODUCT_NAME = "$(TARGET_NAME)";
				SWIFT_VERSION = 4.2;
				TARGETED_DEVICE_FAMILY = "1,2";
				TEST_HOST = "$(BUILT_PRODUCTS_DIR)/VK.app/VK";
			};
			name = Debug;
		};
		602ABE3421FCB3E60070980A /* Release */ = {
			isa = XCBuildConfiguration;
			buildSettings = {
				ALWAYS_EMBED_SWIFT_STANDARD_LIBRARIES = YES;
				BUNDLE_LOADER = "$(TEST_HOST)";
				CODE_SIGN_STYLE = Automatic;
				DEVELOPMENT_TEAM = G8AA5PA5TS;
				INFOPLIST_FILE = VKTests/Info.plist;
				LD_RUNPATH_SEARCH_PATHS = "$(inherited) @executable_path/Frameworks @loader_path/Frameworks";
				PRODUCT_BUNDLE_IDENTIFIER = "-.VKTests";
				PRODUCT_NAME = "$(TARGET_NAME)";
				SWIFT_VERSION = 4.2;
				TARGETED_DEVICE_FAMILY = "1,2";
				TEST_HOST = "$(BUILT_PRODUCTS_DIR)/VK.app/VK";
			};
			name = Release;
		};
		602ABE3621FCB3E60070980A /* Debug */ = {
			isa = XCBuildConfiguration;
			buildSettings = {
				ALWAYS_EMBED_SWIFT_STANDARD_LIBRARIES = YES;
				CODE_SIGN_STYLE = Automatic;
				DEVELOPMENT_TEAM = G8AA5PA5TS;
				INFOPLIST_FILE = VKUITests/Info.plist;
				LD_RUNPATH_SEARCH_PATHS = "$(inherited) @executable_path/Frameworks @loader_path/Frameworks";
				PRODUCT_BUNDLE_IDENTIFIER = "-.VKUITests";
				PRODUCT_NAME = "$(TARGET_NAME)";
				SWIFT_VERSION = 4.2;
				TARGETED_DEVICE_FAMILY = "1,2";
				TEST_TARGET_NAME = VK;
			};
			name = Debug;
		};
		602ABE3721FCB3E60070980A /* Release */ = {
			isa = XCBuildConfiguration;
			buildSettings = {
				ALWAYS_EMBED_SWIFT_STANDARD_LIBRARIES = YES;
				CODE_SIGN_STYLE = Automatic;
				DEVELOPMENT_TEAM = G8AA5PA5TS;
				INFOPLIST_FILE = VKUITests/Info.plist;
				LD_RUNPATH_SEARCH_PATHS = "$(inherited) @executable_path/Frameworks @loader_path/Frameworks";
				PRODUCT_BUNDLE_IDENTIFIER = "-.VKUITests";
				PRODUCT_NAME = "$(TARGET_NAME)";
				SWIFT_VERSION = 4.2;
				TARGETED_DEVICE_FAMILY = "1,2";
				TEST_TARGET_NAME = VK;
			};
			name = Release;
		};
/* End XCBuildConfiguration section */

/* Begin XCConfigurationList section */
		602ABE0221FCB3E40070980A /* Build configuration list for PBXProject "VK" */ = {
			isa = XCConfigurationList;
			buildConfigurations = (
				602ABE2D21FCB3E60070980A /* Debug */,
				602ABE2E21FCB3E60070980A /* Release */,
			);
			defaultConfigurationIsVisible = 0;
			defaultConfigurationName = Release;
		};
		602ABE2F21FCB3E60070980A /* Build configuration list for PBXNativeTarget "VK" */ = {
			isa = XCConfigurationList;
			buildConfigurations = (
				602ABE3021FCB3E60070980A /* Debug */,
				602ABE3121FCB3E60070980A /* Release */,
			);
			defaultConfigurationIsVisible = 0;
			defaultConfigurationName = Release;
		};
		602ABE3221FCB3E60070980A /* Build configuration list for PBXNativeTarget "VKTests" */ = {
			isa = XCConfigurationList;
			buildConfigurations = (
				602ABE3321FCB3E60070980A /* Debug */,
				602ABE3421FCB3E60070980A /* Release */,
			);
			defaultConfigurationIsVisible = 0;
			defaultConfigurationName = Release;
		};
		602ABE3521FCB3E60070980A /* Build configuration list for PBXNativeTarget "VKUITests" */ = {
			isa = XCConfigurationList;
			buildConfigurations = (
				602ABE3621FCB3E60070980A /* Debug */,
				602ABE3721FCB3E60070980A /* Release */,
			);
			defaultConfigurationIsVisible = 0;
			defaultConfigurationName = Release;
		};
/* End XCConfigurationList section */
	};
	rootObject = 602ABDFF21FCB3E40070980A /* Project object */;
}
